
Microsoft Visual Studio Solution File, Format Version 12.00
# Visual Studio 15
VisualStudioVersion = 15.0.27130.2036
MinimumVisualStudioVersion = 10.0.40219.1
Project("{FAE04EC0-301F-11D3-BF4B-00C04F79EFBC}") = "hw1", "hw1\hw1.csproj", "{167E6D5E-2534-4935-8F1F-5732F4E1B6BF}"
	ProjectSection(ProjectDependencies) = postProject
		{0E5F5557-5919-4DDA-91F0-492D9E56D48B} = {0E5F5557-5919-4DDA-91F0-492D9E56D48B}
	EndProjectSection
EndProject
Project("{FAE04EC0-301F-11D3-BF4B-00C04F79EFBC}") = "CoreLib", "CoreLib\CoreLib.csproj", "{0E5F5557-5919-4DDA-91F0-492D9E56D48B}"
EndProject
Project("{FAE04EC0-301F-11D3-BF4B-00C04F79EFBC}") = "UnitTest", "UnitTest\UnitTest.csproj", "{F4811157-BC5B-4247-972F-4D68B94C4CAB}"
EndProject
Global
	GlobalSection(SolutionConfigurationPlatforms) = preSolution
		Debug|Any CPU = Debug|Any CPU
		Release|Any CPU = Release|Any CPU
	EndGlobalSection
	GlobalSection(ProjectConfigurationPlatforms) = postSolution
		{167E6D5E-2534-4935-8F1F-5732F4E1B6BF}.Debug|Any CPU.ActiveCfg = Debug|Any CPU
		{167E6D5E-2534-4935-8F1F-5732F4E1B6BF}.Debug|Any CPU.Build.0 = Debug|Any CPU
		{167E6D5E-2534-4935-8F1F-5732F4E1B6BF}.Release|Any CPU.ActiveCfg = Release|Any CPU
		{167E6D5E-2534-4935-8F1F-5732F4E1B6BF}.Release|Any CPU.Build.0 = Release|Any CPU
		{0E5F5557-5919-4DDA-91F0-492D9E56D48B}.Debug|Any CPU.ActiveCfg = Debug|Any CPU
		{0E5F5557-5919-4DDA-91F0-492D9E56D48B}.Debug|Any CPU.Build.0 = Debug|Any CPU
		{0E5F5557-5919-4DDA-91F0-492D9E56D48B}.Release|Any CPU.ActiveCfg = Release|Any CPU
		{0E5F5557-5919-4DDA-91F0-492D9E56D48B}.Release|Any CPU.Build.0 = Release|Any CPU
		{F4811157-BC5B-4247-972F-4D68B94C4CAB}.Debug|Any CPU.ActiveCfg = Debug|Any CPU
		{F4811157-BC5B-4247-972F-4D68B94C4CAB}.Debug|Any CPU.Build.0 = Debug|Any CPU
		{F4811157-BC5B-4247-972F-4D68B94C4CAB}.Release|Any CPU.ActiveCfg = Release|Any CPU
		{F4811157-BC5B-4247-972F-4D68B94C4CAB}.Release|Any CPU.Build.0 = Release|Any CPU
	EndGlobalSection
	GlobalSection(SolutionProperties) = preSolution
		HideSolutionNode = FALSE
	EndGlobalSection
	GlobalSection(ExtensibilityGlobals) = postSolution
		SolutionGuid = {F36A923D-CA8E-4395-8BF7-A4931E9893D8}
	EndGlobalSection
EndGlobal
