
Microsoft Visual Studio Solution File, Format Version 12.00
# Visual Studio 15
VisualStudioVersion = 15.0.27130.2036
MinimumVisualStudioVersion = 10.0.40219.1
Project("{9A19103F-16F7-4668-BE54-9A1E7A4F7556}") = "hw1", "hw1\hw1.csproj", "{167E6D5E-2534-4935-8F1F-5732F4E1B6BF}"
	ProjectSection(ProjectDependencies) = postProject
		{29BFA649-75DA-4D2B-8530-795F76BB0516} = {29BFA649-75DA-4D2B-8530-795F76BB0516}
	EndProjectSection
EndProject
Project("{9A19103F-16F7-4668-BE54-9A1E7A4F7556}") = "UnitTest", "UnitTest\UnitTest.csproj", "{F4811157-BC5B-4247-972F-4D68B94C4CAB}"
	ProjectSection(ProjectDependencies) = postProject
		{29BFA649-75DA-4D2B-8530-795F76BB0516} = {29BFA649-75DA-4D2B-8530-795F76BB0516}
		{167E6D5E-2534-4935-8F1F-5732F4E1B6BF} = {167E6D5E-2534-4935-8F1F-5732F4E1B6BF}
		{CEED05AB-0F49-4831-9F5A-4603A6C40962} = {CEED05AB-0F49-4831-9F5A-4603A6C40962}
	EndProjectSection
EndProject
Project("{9A19103F-16F7-4668-BE54-9A1E7A4F7556}") = "hw2", "hw2\hw2.csproj", "{04D1E605-38A7-45D1-BFD0-E16FB0B2339E}"
EndProject
Project("{9A19103F-16F7-4668-BE54-9A1E7A4F7556}") = "hw3", "hw3\hw3.csproj", "{CEED05AB-0F49-4831-9F5A-4603A6C40962}"
	ProjectSection(ProjectDependencies) = postProject
		{29BFA649-75DA-4D2B-8530-795F76BB0516} = {29BFA649-75DA-4D2B-8530-795F76BB0516}
	EndProjectSection
EndProject
Project("{FAE04EC0-301F-11D3-BF4B-00C04F79EFBC}") = "Core", "Core\Core.csproj", "{29BFA649-75DA-4D2B-8530-795F76BB0516}"
EndProject
Global
	GlobalSection(SolutionConfigurationPlatforms) = preSolution
		Debug|Any CPU = Debug|Any CPU
		Release|Any CPU = Release|Any CPU
	EndGlobalSection
	GlobalSection(ProjectConfigurationPlatforms) = postSolution
		{167E6D5E-2534-4935-8F1F-5732F4E1B6BF}.Debug|Any CPU.ActiveCfg = Debug|Any CPU
		{167E6D5E-2534-4935-8F1F-5732F4E1B6BF}.Debug|Any CPU.Build.0 = Debug|Any CPU
		{167E6D5E-2534-4935-8F1F-5732F4E1B6BF}.Release|Any CPU.ActiveCfg = Release|Any CPU
		{167E6D5E-2534-4935-8F1F-5732F4E1B6BF}.Release|Any CPU.Build.0 = Release|Any CPU
		{F4811157-BC5B-4247-972F-4D68B94C4CAB}.Debug|Any CPU.ActiveCfg = Debug|Any CPU
		{F4811157-BC5B-4247-972F-4D68B94C4CAB}.Debug|Any CPU.Build.0 = Debug|Any CPU
		{F4811157-BC5B-4247-972F-4D68B94C4CAB}.Release|Any CPU.ActiveCfg = Release|Any CPU
		{F4811157-BC5B-4247-972F-4D68B94C4CAB}.Release|Any CPU.Build.0 = Release|Any CPU
		{04D1E605-38A7-45D1-BFD0-E16FB0B2339E}.Debug|Any CPU.ActiveCfg = Debug|Any CPU
		{04D1E605-38A7-45D1-BFD0-E16FB0B2339E}.Debug|Any CPU.Build.0 = Debug|Any CPU
		{04D1E605-38A7-45D1-BFD0-E16FB0B2339E}.Release|Any CPU.ActiveCfg = Release|Any CPU
		{04D1E605-38A7-45D1-BFD0-E16FB0B2339E}.Release|Any CPU.Build.0 = Release|Any CPU
		{CEED05AB-0F49-4831-9F5A-4603A6C40962}.Debug|Any CPU.ActiveCfg = Debug|Any CPU
		{CEED05AB-0F49-4831-9F5A-4603A6C40962}.Debug|Any CPU.Build.0 = Debug|Any CPU
		{CEED05AB-0F49-4831-9F5A-4603A6C40962}.Release|Any CPU.ActiveCfg = Release|Any CPU
		{CEED05AB-0F49-4831-9F5A-4603A6C40962}.Release|Any CPU.Build.0 = Release|Any CPU
		{29BFA649-75DA-4D2B-8530-795F76BB0516}.Debug|Any CPU.ActiveCfg = Debug|Any CPU
		{29BFA649-75DA-4D2B-8530-795F76BB0516}.Debug|Any CPU.Build.0 = Debug|Any CPU
		{29BFA649-75DA-4D2B-8530-795F76BB0516}.Release|Any CPU.ActiveCfg = Release|Any CPU
		{29BFA649-75DA-4D2B-8530-795F76BB0516}.Release|Any CPU.Build.0 = Release|Any CPU
	EndGlobalSection
	GlobalSection(SolutionProperties) = preSolution
		HideSolutionNode = FALSE
	EndGlobalSection
	GlobalSection(ExtensibilityGlobals) = postSolution
		SolutionGuid = {F36A923D-CA8E-4395-8BF7-A4931E9893D8}
	EndGlobalSection
EndGlobal
